
Microsoft Visual Studio Solution File, Format Version 12.00
# Visual Studio Version 17
VisualStudioVersion = 17.14.36623.8 d17.14
MinimumVisualStudioVersion = 10.0.40219.1
Project("{FAE04EC0-301F-11D3-BF4B-00C04F79EFBC}") = "Activity0302", "Activity0302\Activity0302.csproj", "{4452DA7B-B8AD-4804-BFD2-7C662F7EEF3C}"
EndProject
Project("{FAE04EC0-301F-11D3-BF4B-00C04F79EFBC}") = "InventoryDatabaseCore", "InventoryDatabaseCore\InventoryDatabaseCore.csproj", "{5E7BEFDB-1F00-4227-9473-2DBBD9AA35B4}"
EndProject
Project("{FAE04EC0-301F-11D3-BF4B-00C04F79EFBC}") = "InventoryModels", "InventoryModels\InventoryModels.csproj", "{49C02D04-01A5-42FC-8C8E-AA5C4B47327C}"
EndProject
Global
	GlobalSection(SolutionConfigurationPlatforms) = preSolution
		Debug|Any CPU = Debug|Any CPU
		Release|Any CPU = Release|Any CPU
	EndGlobalSection
	GlobalSection(ProjectConfigurationPlatforms) = postSolution
		{4452DA7B-B8AD-4804-BFD2-7C662F7EEF3C}.Debug|Any CPU.ActiveCfg = Debug|Any CPU
		{4452DA7B-B8AD-4804-BFD2-7C662F7EEF3C}.Debug|Any CPU.Build.0 = Debug|Any CPU
		{4452DA7B-B8AD-4804-BFD2-7C662F7EEF3C}.Release|Any CPU.ActiveCfg = Release|Any CPU
		{4452DA7B-B8AD-4804-BFD2-7C662F7EEF3C}.Release|Any CPU.Build.0 = Release|Any CPU
		{5E7BEFDB-1F00-4227-9473-2DBBD9AA35B4}.Debug|Any CPU.ActiveCfg = Debug|Any CPU
		{5E7BEFDB-1F00-4227-9473-2DBBD9AA35B4}.Debug|Any CPU.Build.0 = Debug|Any CPU
		{5E7BEFDB-1F00-4227-9473-2DBBD9AA35B4}.Release|Any CPU.ActiveCfg = Release|Any CPU
		{5E7BEFDB-1F00-4227-9473-2DBBD9AA35B4}.Release|Any CPU.Build.0 = Release|Any CPU
		{49C02D04-01A5-42FC-8C8E-AA5C4B47327C}.Debug|Any CPU.ActiveCfg = Debug|Any CPU
		{49C02D04-01A5-42FC-8C8E-AA5C4B47327C}.Debug|Any CPU.Build.0 = Debug|Any CPU
		{49C02D04-01A5-42FC-8C8E-AA5C4B47327C}.Release|Any CPU.ActiveCfg = Release|Any CPU
		{49C02D04-01A5-42FC-8C8E-AA5C4B47327C}.Release|Any CPU.Build.0 = Release|Any CPU
	EndGlobalSection
	GlobalSection(SolutionProperties) = preSolution
		HideSolutionNode = FALSE
	EndGlobalSection
	GlobalSection(ExtensibilityGlobals) = postSolution
		SolutionGuid = {37C44C91-428E-4BC9-875C-7FB36FE1F265}
	EndGlobalSection
EndGlobal
